
Microsoft Visual Studio Solution File, Format Version 12.00
# Visual Studio 15
VisualStudioVersion = 15.0.27703.2018
MinimumVisualStudioVersion = 10.0.40219.1
Project("{9A19103F-16F7-4668-BE54-9A1E7A4F7556}") = "CheckOutSystem", "CheckOutSystem\CheckOutSystem.csproj", "{761EE99D-2A55-4C6C-9FE1-3C8B6F3DF121}"
EndProject
Project("{9A19103F-16F7-4668-BE54-9A1E7A4F7556}") = "CheckOutSystem.JsonReader", "CheckOutSystem.CSVHelper\CheckOutSystem.JsonReader.csproj", "{8210BF2A-7E0B-40A1-AC30-CA4209ABFE79}"
EndProject
Project("{9A19103F-16F7-4668-BE54-9A1E7A4F7556}") = "CheckOutSystem.Service", "CheckOutSystem.Service\CheckOutSystem.Service.csproj", "{14E1DF3C-0D1D-40E8-8FB1-C7286DC75205}"
EndProject
Project("{9A19103F-16F7-4668-BE54-9A1E7A4F7556}") = "CheckOutUnitTest", "CheckOutUnitTest\CheckOutUnitTest.csproj", "{0082EA51-D648-42FD-8CA7-6B2BB3485FED}"
EndProject
Project("{FAE04EC0-301F-11D3-BF4B-00C04F79EFBC}") = "CheckOutSystem.Business", "CheckOutSystem.Business\CheckOutSystem.Business.csproj", "{6BB7F70B-5B1D-488F-88AC-A042718E8A83}"
EndProject
Global
	GlobalSection(SolutionConfigurationPlatforms) = preSolution
		Debug|Any CPU = Debug|Any CPU
		Release|Any CPU = Release|Any CPU
	EndGlobalSection
	GlobalSection(ProjectConfigurationPlatforms) = postSolution
		{761EE99D-2A55-4C6C-9FE1-3C8B6F3DF121}.Debug|Any CPU.ActiveCfg = Debug|Any CPU
		{761EE99D-2A55-4C6C-9FE1-3C8B6F3DF121}.Debug|Any CPU.Build.0 = Debug|Any CPU
		{761EE99D-2A55-4C6C-9FE1-3C8B6F3DF121}.Release|Any CPU.ActiveCfg = Release|Any CPU
		{761EE99D-2A55-4C6C-9FE1-3C8B6F3DF121}.Release|Any CPU.Build.0 = Release|Any CPU
		{8210BF2A-7E0B-40A1-AC30-CA4209ABFE79}.Debug|Any CPU.ActiveCfg = Debug|Any CPU
		{8210BF2A-7E0B-40A1-AC30-CA4209ABFE79}.Debug|Any CPU.Build.0 = Debug|Any CPU
		{8210BF2A-7E0B-40A1-AC30-CA4209ABFE79}.Release|Any CPU.ActiveCfg = Release|Any CPU
		{8210BF2A-7E0B-40A1-AC30-CA4209ABFE79}.Release|Any CPU.Build.0 = Release|Any CPU
		{14E1DF3C-0D1D-40E8-8FB1-C7286DC75205}.Debug|Any CPU.ActiveCfg = Debug|Any CPU
		{14E1DF3C-0D1D-40E8-8FB1-C7286DC75205}.Debug|Any CPU.Build.0 = Debug|Any CPU
		{14E1DF3C-0D1D-40E8-8FB1-C7286DC75205}.Release|Any CPU.ActiveCfg = Release|Any CPU
		{14E1DF3C-0D1D-40E8-8FB1-C7286DC75205}.Release|Any CPU.Build.0 = Release|Any CPU
		{0082EA51-D648-42FD-8CA7-6B2BB3485FED}.Debug|Any CPU.ActiveCfg = Debug|Any CPU
		{0082EA51-D648-42FD-8CA7-6B2BB3485FED}.Debug|Any CPU.Build.0 = Debug|Any CPU
		{0082EA51-D648-42FD-8CA7-6B2BB3485FED}.Release|Any CPU.ActiveCfg = Release|Any CPU
		{0082EA51-D648-42FD-8CA7-6B2BB3485FED}.Release|Any CPU.Build.0 = Release|Any CPU
		{6BB7F70B-5B1D-488F-88AC-A042718E8A83}.Debug|Any CPU.ActiveCfg = Debug|Any CPU
		{6BB7F70B-5B1D-488F-88AC-A042718E8A83}.Debug|Any CPU.Build.0 = Debug|Any CPU
		{6BB7F70B-5B1D-488F-88AC-A042718E8A83}.Release|Any CPU.ActiveCfg = Release|Any CPU
		{6BB7F70B-5B1D-488F-88AC-A042718E8A83}.Release|Any CPU.Build.0 = Release|Any CPU
	EndGlobalSection
	GlobalSection(SolutionProperties) = preSolution
		HideSolutionNode = FALSE
	EndGlobalSection
	GlobalSection(ExtensibilityGlobals) = postSolution
		SolutionGuid = {02C0A8F0-C93D-4739-9434-15BCEAEC4B17}
	EndGlobalSection
EndGlobal
